
Microsoft Visual Studio Solution File, Format Version 12.00
# Visual Studio 15
VisualStudioVersion = 15.0.28307.572
MinimumVisualStudioVersion = 10.0.40219.1
Project("{9A19103F-16F7-4668-BE54-9A1E7A4F7556}") = "LightweightIocContainer", "LightweightIocContainer\LightweightIocContainer.csproj", "{17EDC847-0F69-462E-AD42-701BAEDF830F}"
EndProject
Project("{FAE04EC0-301F-11D3-BF4B-00C04F79EFBC}") = "Test.LightweightIocContainer", "Test.LightweightIocContainer\Test.LightweightIocContainer.csproj", "{F9A8A01E-D080-4998-9135-D342B2C4B4CD}"
EndProject
Project("{FAE04EC0-301F-11D3-BF4B-00C04F79EFBC}") = "LightweightIocContainer.Validation", "LightweightIocContainer.Validation\LightweightIocContainer.Validation.csproj", "{B3212FDE-BAC1-40AD-ABEE-DBB12A93D275}"
EndProject
Global
	GlobalSection(SolutionConfigurationPlatforms) = preSolution
		Debug|Any CPU = Debug|Any CPU
		Release|Any CPU = Release|Any CPU
	EndGlobalSection
	GlobalSection(ProjectConfigurationPlatforms) = postSolution
		{17EDC847-0F69-462E-AD42-701BAEDF830F}.Debug|Any CPU.ActiveCfg = Debug|Any CPU
		{17EDC847-0F69-462E-AD42-701BAEDF830F}.Debug|Any CPU.Build.0 = Debug|Any CPU
		{17EDC847-0F69-462E-AD42-701BAEDF830F}.Release|Any CPU.ActiveCfg = Release|Any CPU
		{17EDC847-0F69-462E-AD42-701BAEDF830F}.Release|Any CPU.Build.0 = Release|Any CPU
		{F9A8A01E-D080-4998-9135-D342B2C4B4CD}.Debug|Any CPU.ActiveCfg = Debug|Any CPU
		{F9A8A01E-D080-4998-9135-D342B2C4B4CD}.Debug|Any CPU.Build.0 = Debug|Any CPU
		{F9A8A01E-D080-4998-9135-D342B2C4B4CD}.Release|Any CPU.ActiveCfg = Release|Any CPU
		{F9A8A01E-D080-4998-9135-D342B2C4B4CD}.Release|Any CPU.Build.0 = Release|Any CPU
		{B3212FDE-BAC1-40AD-ABEE-DBB12A93D275}.Debug|Any CPU.ActiveCfg = Debug|Any CPU
		{B3212FDE-BAC1-40AD-ABEE-DBB12A93D275}.Debug|Any CPU.Build.0 = Debug|Any CPU
		{B3212FDE-BAC1-40AD-ABEE-DBB12A93D275}.Release|Any CPU.ActiveCfg = Release|Any CPU
		{B3212FDE-BAC1-40AD-ABEE-DBB12A93D275}.Release|Any CPU.Build.0 = Release|Any CPU
	EndGlobalSection
	GlobalSection(SolutionProperties) = preSolution
		HideSolutionNode = FALSE
	EndGlobalSection
	GlobalSection(ExtensibilityGlobals) = postSolution
		SolutionGuid = {DBE44E17-B579-4ACC-8EE6-4D7C90759CC7}
	EndGlobalSection
EndGlobal
